
Microsoft Visual Studio Solution File, Format Version 12.00
# Visual Studio 15
VisualStudioVersion = 15.0.26730.12
MinimumVisualStudioVersion = 10.0.40219.1
Project("{D954291E-2A0B-460D-934E-DC6B0785DB48}") = "Mobile", "Mobile\Mobile\Mobile.shproj", "{4377E07B-9E67-4721-9B4A-E5ABC0C176DD}"
EndProject
Project("{FAE04EC0-301F-11D3-BF4B-00C04F79EFBC}") = "Mobile.Android", "Mobile\Mobile.Android\Mobile.Android.csproj", "{18807D1A-8B77-45E0-AD08-C0AB5F02F463}"
EndProject
Project("{FAE04EC0-301F-11D3-BF4B-00C04F79EFBC}") = "Mobile.iOS", "Mobile\Mobile.iOS\Mobile.iOS.csproj", "{891FBC82-CFA3-45E6-BE7B-C00F5FA6E4E5}"
EndProject
Project("{2150E333-8FDC-42A3-9474-1A3956D46DE8}") = "Mobile.Common", "Mobile.Common", "{065F290C-8735-4592-BDFA-1B5FE0B86EAA}"
EndProject
Project("{2150E333-8FDC-42A3-9474-1A3956D46DE8}") = "Mobile.Features", "Mobile.Features", "{D7E6C756-74F3-41F3-A6E0-F67235AA60B2}"
EndProject
Project("{FAE04EC0-301F-11D3-BF4B-00C04F79EFBC}") = "Mobile.Common.Controls", "Mobile.Common\Mobile.Common.Controls\Mobile.Common.Controls.csproj", "{F57D7B6F-58A4-41EF-893C-DA4189A91393}"
EndProject
Project("{FAE04EC0-301F-11D3-BF4B-00C04F79EFBC}") = "Mobile.Features.Qr", "Mobile.Features\Mobile.Features.Qr\Mobile.Features.Qr.csproj", "{3AFEE0E7-B27A-4104-89F6-8FAE5C42C3E8}"
EndProject
Project("{FAE04EC0-301F-11D3-BF4B-00C04F79EFBC}") = "Mobile.Features.Messenger", "Mobile.Features\Mobile.Features.Messenger\Mobile.Features.Messenger.csproj", "{615F2685-079F-4B25-85DE-82D38E897546}"
EndProject
Project("{FAE04EC0-301F-11D3-BF4B-00C04F79EFBC}") = "Mobile.Common.Services", "Mobile.Common\Mobile.Common.Services\Mobile.Common.Services.csproj", "{2B18828B-5EBC-45DA-AB5D-699A0921B551}"
EndProject
Project("{FAE04EC0-301F-11D3-BF4B-00C04F79EFBC}") = "Mobile.Common.Utilities", "Mobile.Common\Mobile.Common.Utilities\Mobile.Common.Utilities.csproj", "{F6F93EC3-5C93-4FCB-8AC1-CEF11C70A7E6}"
EndProject
Project("{FAE04EC0-301F-11D3-BF4B-00C04F79EFBC}") = "MobileTests", "MobileTests\MobileTests.csproj", "{D335019B-7383-4D97-911B-5656277CF0C2}"
EndProject
Global
	GlobalSection(SharedMSBuildProjectFiles) = preSolution
		Mobile\Mobile\Mobile.projitems*{18807d1a-8b77-45e0-ad08-c0ab5f02f463}*SharedItemsImports = 4
		Mobile\Mobile\Mobile.projitems*{4377e07b-9e67-4721-9b4a-e5abc0c176dd}*SharedItemsImports = 13
		Mobile\Mobile\Mobile.projitems*{891fbc82-cfa3-45e6-be7b-c00f5fa6e4e5}*SharedItemsImports = 4
	EndGlobalSection
	GlobalSection(SolutionConfigurationPlatforms) = preSolution
		Ad-Hoc|Any CPU = Ad-Hoc|Any CPU
		Ad-Hoc|iPhone = Ad-Hoc|iPhone
		Ad-Hoc|iPhoneSimulator = Ad-Hoc|iPhoneSimulator
		AppStore|Any CPU = AppStore|Any CPU
		AppStore|iPhone = AppStore|iPhone
		AppStore|iPhoneSimulator = AppStore|iPhoneSimulator
		Debug|Any CPU = Debug|Any CPU
		Debug|iPhone = Debug|iPhone
		Debug|iPhoneSimulator = Debug|iPhoneSimulator
		Release|Any CPU = Release|Any CPU
		Release|iPhone = Release|iPhone
		Release|iPhoneSimulator = Release|iPhoneSimulator
	EndGlobalSection
	GlobalSection(ProjectConfigurationPlatforms) = postSolution
		{18807D1A-8B77-45E0-AD08-C0AB5F02F463}.Ad-Hoc|Any CPU.ActiveCfg = Release|Any CPU
		{18807D1A-8B77-45E0-AD08-C0AB5F02F463}.Ad-Hoc|Any CPU.Build.0 = Release|Any CPU
		{18807D1A-8B77-45E0-AD08-C0AB5F02F463}.Ad-Hoc|Any CPU.Deploy.0 = Release|Any CPU
		{18807D1A-8B77-45E0-AD08-C0AB5F02F463}.Ad-Hoc|iPhone.ActiveCfg = Release|Any CPU
		{18807D1A-8B77-45E0-AD08-C0AB5F02F463}.Ad-Hoc|iPhone.Build.0 = Release|Any CPU
		{18807D1A-8B77-45E0-AD08-C0AB5F02F463}.Ad-Hoc|iPhone.Deploy.0 = Release|Any CPU
		{18807D1A-8B77-45E0-AD08-C0AB5F02F463}.Ad-Hoc|iPhoneSimulator.ActiveCfg = Release|Any CPU
		{18807D1A-8B77-45E0-AD08-C0AB5F02F463}.Ad-Hoc|iPhoneSimulator.Build.0 = Release|Any CPU
		{18807D1A-8B77-45E0-AD08-C0AB5F02F463}.Ad-Hoc|iPhoneSimulator.Deploy.0 = Release|Any CPU
		{18807D1A-8B77-45E0-AD08-C0AB5F02F463}.AppStore|Any CPU.ActiveCfg = Release|Any CPU
		{18807D1A-8B77-45E0-AD08-C0AB5F02F463}.AppStore|Any CPU.Build.0 = Release|Any CPU
		{18807D1A-8B77-45E0-AD08-C0AB5F02F463}.AppStore|Any CPU.Deploy.0 = Release|Any CPU
		{18807D1A-8B77-45E0-AD08-C0AB5F02F463}.AppStore|iPhone.ActiveCfg = Release|Any CPU
		{18807D1A-8B77-45E0-AD08-C0AB5F02F463}.AppStore|iPhone.Build.0 = Release|Any CPU
		{18807D1A-8B77-45E0-AD08-C0AB5F02F463}.AppStore|iPhone.Deploy.0 = Release|Any CPU
		{18807D1A-8B77-45E0-AD08-C0AB5F02F463}.AppStore|iPhoneSimulator.ActiveCfg = Release|Any CPU
		{18807D1A-8B77-45E0-AD08-C0AB5F02F463}.AppStore|iPhoneSimulator.Build.0 = Release|Any CPU
		{18807D1A-8B77-45E0-AD08-C0AB5F02F463}.AppStore|iPhoneSimulator.Deploy.0 = Release|Any CPU
		{18807D1A-8B77-45E0-AD08-C0AB5F02F463}.Debug|Any CPU.ActiveCfg = Debug|Any CPU
		{18807D1A-8B77-45E0-AD08-C0AB5F02F463}.Debug|Any CPU.Build.0 = Debug|Any CPU
		{18807D1A-8B77-45E0-AD08-C0AB5F02F463}.Debug|Any CPU.Deploy.0 = Debug|Any CPU
		{18807D1A-8B77-45E0-AD08-C0AB5F02F463}.Debug|iPhone.ActiveCfg = Debug|Any CPU
		{18807D1A-8B77-45E0-AD08-C0AB5F02F463}.Debug|iPhone.Build.0 = Debug|Any CPU
		{18807D1A-8B77-45E0-AD08-C0AB5F02F463}.Debug|iPhone.Deploy.0 = Debug|Any CPU
		{18807D1A-8B77-45E0-AD08-C0AB5F02F463}.Debug|iPhoneSimulator.ActiveCfg = Debug|Any CPU
		{18807D1A-8B77-45E0-AD08-C0AB5F02F463}.Debug|iPhoneSimulator.Build.0 = Debug|Any CPU
		{18807D1A-8B77-45E0-AD08-C0AB5F02F463}.Debug|iPhoneSimulator.Deploy.0 = Debug|Any CPU
		{18807D1A-8B77-45E0-AD08-C0AB5F02F463}.Release|Any CPU.ActiveCfg = Release|Any CPU
		{18807D1A-8B77-45E0-AD08-C0AB5F02F463}.Release|Any CPU.Build.0 = Release|Any CPU
		{18807D1A-8B77-45E0-AD08-C0AB5F02F463}.Release|Any CPU.Deploy.0 = Release|Any CPU
		{18807D1A-8B77-45E0-AD08-C0AB5F02F463}.Release|iPhone.ActiveCfg = Release|Any CPU
		{18807D1A-8B77-45E0-AD08-C0AB5F02F463}.Release|iPhone.Build.0 = Release|Any CPU
		{18807D1A-8B77-45E0-AD08-C0AB5F02F463}.Release|iPhone.Deploy.0 = Release|Any CPU
		{18807D1A-8B77-45E0-AD08-C0AB5F02F463}.Release|iPhoneSimulator.ActiveCfg = Release|Any CPU
		{18807D1A-8B77-45E0-AD08-C0AB5F02F463}.Release|iPhoneSimulator.Build.0 = Release|Any CPU
		{18807D1A-8B77-45E0-AD08-C0AB5F02F463}.Release|iPhoneSimulator.Deploy.0 = Release|Any CPU
		{891FBC82-CFA3-45E6-BE7B-C00F5FA6E4E5}.Ad-Hoc|Any CPU.ActiveCfg = Ad-Hoc|iPhone
		{891FBC82-CFA3-45E6-BE7B-C00F5FA6E4E5}.Ad-Hoc|iPhone.ActiveCfg = Ad-Hoc|iPhone
		{891FBC82-CFA3-45E6-BE7B-C00F5FA6E4E5}.Ad-Hoc|iPhone.Build.0 = Ad-Hoc|iPhone
		{891FBC82-CFA3-45E6-BE7B-C00F5FA6E4E5}.Ad-Hoc|iPhoneSimulator.ActiveCfg = Ad-Hoc|iPhoneSimulator
		{891FBC82-CFA3-45E6-BE7B-C00F5FA6E4E5}.Ad-Hoc|iPhoneSimulator.Build.0 = Ad-Hoc|iPhoneSimulator
		{891FBC82-CFA3-45E6-BE7B-C00F5FA6E4E5}.AppStore|Any CPU.ActiveCfg = AppStore|iPhone
		{891FBC82-CFA3-45E6-BE7B-C00F5FA6E4E5}.AppStore|iPhone.ActiveCfg = AppStore|iPhone
		{891FBC82-CFA3-45E6-BE7B-C00F5FA6E4E5}.AppStore|iPhone.Build.0 = AppStore|iPhone
		{891FBC82-CFA3-45E6-BE7B-C00F5FA6E4E5}.AppStore|iPhoneSimulator.ActiveCfg = AppStore|iPhoneSimulator
		{891FBC82-CFA3-45E6-BE7B-C00F5FA6E4E5}.AppStore|iPhoneSimulator.Build.0 = AppStore|iPhoneSimulator
		{891FBC82-CFA3-45E6-BE7B-C00F5FA6E4E5}.Debug|Any CPU.ActiveCfg = Debug|iPhone
		{891FBC82-CFA3-45E6-BE7B-C00F5FA6E4E5}.Debug|iPhone.ActiveCfg = Debug|iPhone
		{891FBC82-CFA3-45E6-BE7B-C00F5FA6E4E5}.Debug|iPhone.Build.0 = Debug|iPhone
		{891FBC82-CFA3-45E6-BE7B-C00F5FA6E4E5}.Debug|iPhoneSimulator.ActiveCfg = Debug|iPhoneSimulator
		{891FBC82-CFA3-45E6-BE7B-C00F5FA6E4E5}.Debug|iPhoneSimulator.Build.0 = Debug|iPhoneSimulator
		{891FBC82-CFA3-45E6-BE7B-C00F5FA6E4E5}.Release|Any CPU.ActiveCfg = Release|iPhone
		{891FBC82-CFA3-45E6-BE7B-C00F5FA6E4E5}.Release|iPhone.ActiveCfg = Release|iPhone
		{891FBC82-CFA3-45E6-BE7B-C00F5FA6E4E5}.Release|iPhone.Build.0 = Release|iPhone
		{891FBC82-CFA3-45E6-BE7B-C00F5FA6E4E5}.Release|iPhoneSimulator.ActiveCfg = Release|iPhoneSimulator
		{891FBC82-CFA3-45E6-BE7B-C00F5FA6E4E5}.Release|iPhoneSimulator.Build.0 = Release|iPhoneSimulator
		{F57D7B6F-58A4-41EF-893C-DA4189A91393}.Ad-Hoc|Any CPU.ActiveCfg = Release|Any CPU
		{F57D7B6F-58A4-41EF-893C-DA4189A91393}.Ad-Hoc|Any CPU.Build.0 = Release|Any CPU
		{F57D7B6F-58A4-41EF-893C-DA4189A91393}.Ad-Hoc|iPhone.ActiveCfg = Release|Any CPU
		{F57D7B6F-58A4-41EF-893C-DA4189A91393}.Ad-Hoc|iPhone.Build.0 = Release|Any CPU
		{F57D7B6F-58A4-41EF-893C-DA4189A91393}.Ad-Hoc|iPhoneSimulator.ActiveCfg = Release|Any CPU
		{F57D7B6F-58A4-41EF-893C-DA4189A91393}.Ad-Hoc|iPhoneSimulator.Build.0 = Release|Any CPU
		{F57D7B6F-58A4-41EF-893C-DA4189A91393}.AppStore|Any CPU.ActiveCfg = Release|Any CPU
		{F57D7B6F-58A4-41EF-893C-DA4189A91393}.AppStore|Any CPU.Build.0 = Release|Any CPU
		{F57D7B6F-58A4-41EF-893C-DA4189A91393}.AppStore|iPhone.ActiveCfg = Release|Any CPU
		{F57D7B6F-58A4-41EF-893C-DA4189A91393}.AppStore|iPhone.Build.0 = Release|Any CPU
		{F57D7B6F-58A4-41EF-893C-DA4189A91393}.AppStore|iPhoneSimulator.ActiveCfg = Release|Any CPU
		{F57D7B6F-58A4-41EF-893C-DA4189A91393}.AppStore|iPhoneSimulator.Build.0 = Release|Any CPU
		{F57D7B6F-58A4-41EF-893C-DA4189A91393}.Debug|Any CPU.ActiveCfg = Debug|Any CPU
		{F57D7B6F-58A4-41EF-893C-DA4189A91393}.Debug|Any CPU.Build.0 = Debug|Any CPU
		{F57D7B6F-58A4-41EF-893C-DA4189A91393}.Debug|iPhone.ActiveCfg = Debug|Any CPU
		{F57D7B6F-58A4-41EF-893C-DA4189A91393}.Debug|iPhone.Build.0 = Debug|Any CPU
		{F57D7B6F-58A4-41EF-893C-DA4189A91393}.Debug|iPhoneSimulator.ActiveCfg = Debug|Any CPU
		{F57D7B6F-58A4-41EF-893C-DA4189A91393}.Debug|iPhoneSimulator.Build.0 = Debug|Any CPU
		{F57D7B6F-58A4-41EF-893C-DA4189A91393}.Release|Any CPU.ActiveCfg = Release|Any CPU
		{F57D7B6F-58A4-41EF-893C-DA4189A91393}.Release|Any CPU.Build.0 = Release|Any CPU
		{F57D7B6F-58A4-41EF-893C-DA4189A91393}.Release|iPhone.ActiveCfg = Release|Any CPU
		{F57D7B6F-58A4-41EF-893C-DA4189A91393}.Release|iPhone.Build.0 = Release|Any CPU
		{F57D7B6F-58A4-41EF-893C-DA4189A91393}.Release|iPhoneSimulator.ActiveCfg = Release|Any CPU
		{F57D7B6F-58A4-41EF-893C-DA4189A91393}.Release|iPhoneSimulator.Build.0 = Release|Any CPU
		{3AFEE0E7-B27A-4104-89F6-8FAE5C42C3E8}.Ad-Hoc|Any CPU.ActiveCfg = Release|Any CPU
		{3AFEE0E7-B27A-4104-89F6-8FAE5C42C3E8}.Ad-Hoc|Any CPU.Build.0 = Release|Any CPU
		{3AFEE0E7-B27A-4104-89F6-8FAE5C42C3E8}.Ad-Hoc|iPhone.ActiveCfg = Release|Any CPU
		{3AFEE0E7-B27A-4104-89F6-8FAE5C42C3E8}.Ad-Hoc|iPhone.Build.0 = Release|Any CPU
		{3AFEE0E7-B27A-4104-89F6-8FAE5C42C3E8}.Ad-Hoc|iPhoneSimulator.ActiveCfg = Release|Any CPU
		{3AFEE0E7-B27A-4104-89F6-8FAE5C42C3E8}.Ad-Hoc|iPhoneSimulator.Build.0 = Release|Any CPU
		{3AFEE0E7-B27A-4104-89F6-8FAE5C42C3E8}.AppStore|Any CPU.ActiveCfg = Release|Any CPU
		{3AFEE0E7-B27A-4104-89F6-8FAE5C42C3E8}.AppStore|Any CPU.Build.0 = Release|Any CPU
		{3AFEE0E7-B27A-4104-89F6-8FAE5C42C3E8}.AppStore|iPhone.ActiveCfg = Release|Any CPU
		{3AFEE0E7-B27A-4104-89F6-8FAE5C42C3E8}.AppStore|iPhone.Build.0 = Release|Any CPU
		{3AFEE0E7-B27A-4104-89F6-8FAE5C42C3E8}.AppStore|iPhoneSimulator.ActiveCfg = Release|Any CPU
		{3AFEE0E7-B27A-4104-89F6-8FAE5C42C3E8}.AppStore|iPhoneSimulator.Build.0 = Release|Any CPU
		{3AFEE0E7-B27A-4104-89F6-8FAE5C42C3E8}.Debug|Any CPU.ActiveCfg = Debug|Any CPU
		{3AFEE0E7-B27A-4104-89F6-8FAE5C42C3E8}.Debug|Any CPU.Build.0 = Debug|Any CPU
		{3AFEE0E7-B27A-4104-89F6-8FAE5C42C3E8}.Debug|iPhone.ActiveCfg = Debug|Any CPU
		{3AFEE0E7-B27A-4104-89F6-8FAE5C42C3E8}.Debug|iPhone.Build.0 = Debug|Any CPU
		{3AFEE0E7-B27A-4104-89F6-8FAE5C42C3E8}.Debug|iPhoneSimulator.ActiveCfg = Debug|Any CPU
		{3AFEE0E7-B27A-4104-89F6-8FAE5C42C3E8}.Debug|iPhoneSimulator.Build.0 = Debug|Any CPU
		{3AFEE0E7-B27A-4104-89F6-8FAE5C42C3E8}.Release|Any CPU.ActiveCfg = Release|Any CPU
		{3AFEE0E7-B27A-4104-89F6-8FAE5C42C3E8}.Release|Any CPU.Build.0 = Release|Any CPU
		{3AFEE0E7-B27A-4104-89F6-8FAE5C42C3E8}.Release|iPhone.ActiveCfg = Release|Any CPU
		{3AFEE0E7-B27A-4104-89F6-8FAE5C42C3E8}.Release|iPhone.Build.0 = Release|Any CPU
		{3AFEE0E7-B27A-4104-89F6-8FAE5C42C3E8}.Release|iPhoneSimulator.ActiveCfg = Release|Any CPU
		{3AFEE0E7-B27A-4104-89F6-8FAE5C42C3E8}.Release|iPhoneSimulator.Build.0 = Release|Any CPU
		{615F2685-079F-4B25-85DE-82D38E897546}.Ad-Hoc|Any CPU.ActiveCfg = Release|Any CPU
		{615F2685-079F-4B25-85DE-82D38E897546}.Ad-Hoc|Any CPU.Build.0 = Release|Any CPU
		{615F2685-079F-4B25-85DE-82D38E897546}.Ad-Hoc|iPhone.ActiveCfg = Release|Any CPU
		{615F2685-079F-4B25-85DE-82D38E897546}.Ad-Hoc|iPhone.Build.0 = Release|Any CPU
		{615F2685-079F-4B25-85DE-82D38E897546}.Ad-Hoc|iPhoneSimulator.ActiveCfg = Release|Any CPU
		{615F2685-079F-4B25-85DE-82D38E897546}.Ad-Hoc|iPhoneSimulator.Build.0 = Release|Any CPU
		{615F2685-079F-4B25-85DE-82D38E897546}.AppStore|Any CPU.ActiveCfg = Release|Any CPU
		{615F2685-079F-4B25-85DE-82D38E897546}.AppStore|Any CPU.Build.0 = Release|Any CPU
		{615F2685-079F-4B25-85DE-82D38E897546}.AppStore|iPhone.ActiveCfg = Release|Any CPU
		{615F2685-079F-4B25-85DE-82D38E897546}.AppStore|iPhone.Build.0 = Release|Any CPU
		{615F2685-079F-4B25-85DE-82D38E897546}.AppStore|iPhoneSimulator.ActiveCfg = Release|Any CPU
		{615F2685-079F-4B25-85DE-82D38E897546}.AppStore|iPhoneSimulator.Build.0 = Release|Any CPU
		{615F2685-079F-4B25-85DE-82D38E897546}.Debug|Any CPU.ActiveCfg = Debug|Any CPU
		{615F2685-079F-4B25-85DE-82D38E897546}.Debug|Any CPU.Build.0 = Debug|Any CPU
		{615F2685-079F-4B25-85DE-82D38E897546}.Debug|iPhone.ActiveCfg = Debug|Any CPU
		{615F2685-079F-4B25-85DE-82D38E897546}.Debug|iPhone.Build.0 = Debug|Any CPU
		{615F2685-079F-4B25-85DE-82D38E897546}.Debug|iPhoneSimulator.ActiveCfg = Debug|Any CPU
		{615F2685-079F-4B25-85DE-82D38E897546}.Debug|iPhoneSimulator.Build.0 = Debug|Any CPU
		{615F2685-079F-4B25-85DE-82D38E897546}.Release|Any CPU.ActiveCfg = Release|Any CPU
		{615F2685-079F-4B25-85DE-82D38E897546}.Release|Any CPU.Build.0 = Release|Any CPU
		{615F2685-079F-4B25-85DE-82D38E897546}.Release|iPhone.ActiveCfg = Release|Any CPU
		{615F2685-079F-4B25-85DE-82D38E897546}.Release|iPhone.Build.0 = Release|Any CPU
		{615F2685-079F-4B25-85DE-82D38E897546}.Release|iPhoneSimulator.ActiveCfg = Release|Any CPU
		{615F2685-079F-4B25-85DE-82D38E897546}.Release|iPhoneSimulator.Build.0 = Release|Any CPU
		{2B18828B-5EBC-45DA-AB5D-699A0921B551}.Ad-Hoc|Any CPU.ActiveCfg = Release|Any CPU
		{2B18828B-5EBC-45DA-AB5D-699A0921B551}.Ad-Hoc|Any CPU.Build.0 = Release|Any CPU
		{2B18828B-5EBC-45DA-AB5D-699A0921B551}.Ad-Hoc|iPhone.ActiveCfg = Release|Any CPU
		{2B18828B-5EBC-45DA-AB5D-699A0921B551}.Ad-Hoc|iPhone.Build.0 = Release|Any CPU
		{2B18828B-5EBC-45DA-AB5D-699A0921B551}.Ad-Hoc|iPhoneSimulator.ActiveCfg = Release|Any CPU
		{2B18828B-5EBC-45DA-AB5D-699A0921B551}.Ad-Hoc|iPhoneSimulator.Build.0 = Release|Any CPU
		{2B18828B-5EBC-45DA-AB5D-699A0921B551}.AppStore|Any CPU.ActiveCfg = Release|Any CPU
		{2B18828B-5EBC-45DA-AB5D-699A0921B551}.AppStore|Any CPU.Build.0 = Release|Any CPU
		{2B18828B-5EBC-45DA-AB5D-699A0921B551}.AppStore|iPhone.ActiveCfg = Release|Any CPU
		{2B18828B-5EBC-45DA-AB5D-699A0921B551}.AppStore|iPhone.Build.0 = Release|Any CPU
		{2B18828B-5EBC-45DA-AB5D-699A0921B551}.AppStore|iPhoneSimulator.ActiveCfg = Release|Any CPU
		{2B18828B-5EBC-45DA-AB5D-699A0921B551}.AppStore|iPhoneSimulator.Build.0 = Release|Any CPU
		{2B18828B-5EBC-45DA-AB5D-699A0921B551}.Debug|Any CPU.ActiveCfg = Debug|Any CPU
		{2B18828B-5EBC-45DA-AB5D-699A0921B551}.Debug|Any CPU.Build.0 = Debug|Any CPU
		{2B18828B-5EBC-45DA-AB5D-699A0921B551}.Debug|iPhone.ActiveCfg = Debug|Any CPU
		{2B18828B-5EBC-45DA-AB5D-699A0921B551}.Debug|iPhone.Build.0 = Debug|Any CPU
		{2B18828B-5EBC-45DA-AB5D-699A0921B551}.Debug|iPhoneSimulator.ActiveCfg = Debug|Any CPU
		{2B18828B-5EBC-45DA-AB5D-699A0921B551}.Debug|iPhoneSimulator.Build.0 = Debug|Any CPU
		{2B18828B-5EBC-45DA-AB5D-699A0921B551}.Release|Any CPU.ActiveCfg = Release|Any CPU
		{2B18828B-5EBC-45DA-AB5D-699A0921B551}.Release|Any CPU.Build.0 = Release|Any CPU
		{2B18828B-5EBC-45DA-AB5D-699A0921B551}.Release|iPhone.ActiveCfg = Release|Any CPU
		{2B18828B-5EBC-45DA-AB5D-699A0921B551}.Release|iPhone.Build.0 = Release|Any CPU
		{2B18828B-5EBC-45DA-AB5D-699A0921B551}.Release|iPhoneSimulator.ActiveCfg = Release|Any CPU
		{2B18828B-5EBC-45DA-AB5D-699A0921B551}.Release|iPhoneSimulator.Build.0 = Release|Any CPU
		{F6F93EC3-5C93-4FCB-8AC1-CEF11C70A7E6}.Ad-Hoc|Any CPU.ActiveCfg = Release|Any CPU
		{F6F93EC3-5C93-4FCB-8AC1-CEF11C70A7E6}.Ad-Hoc|Any CPU.Build.0 = Release|Any CPU
		{F6F93EC3-5C93-4FCB-8AC1-CEF11C70A7E6}.Ad-Hoc|iPhone.ActiveCfg = Release|Any CPU
		{F6F93EC3-5C93-4FCB-8AC1-CEF11C70A7E6}.Ad-Hoc|iPhone.Build.0 = Release|Any CPU
		{F6F93EC3-5C93-4FCB-8AC1-CEF11C70A7E6}.Ad-Hoc|iPhoneSimulator.ActiveCfg = Release|Any CPU
		{F6F93EC3-5C93-4FCB-8AC1-CEF11C70A7E6}.Ad-Hoc|iPhoneSimulator.Build.0 = Release|Any CPU
		{F6F93EC3-5C93-4FCB-8AC1-CEF11C70A7E6}.AppStore|Any CPU.ActiveCfg = Release|Any CPU
		{F6F93EC3-5C93-4FCB-8AC1-CEF11C70A7E6}.AppStore|Any CPU.Build.0 = Release|Any CPU
		{F6F93EC3-5C93-4FCB-8AC1-CEF11C70A7E6}.AppStore|iPhone.ActiveCfg = Release|Any CPU
		{F6F93EC3-5C93-4FCB-8AC1-CEF11C70A7E6}.AppStore|iPhone.Build.0 = Release|Any CPU
		{F6F93EC3-5C93-4FCB-8AC1-CEF11C70A7E6}.AppStore|iPhoneSimulator.ActiveCfg = Release|Any CPU
		{F6F93EC3-5C93-4FCB-8AC1-CEF11C70A7E6}.AppStore|iPhoneSimulator.Build.0 = Release|Any CPU
		{F6F93EC3-5C93-4FCB-8AC1-CEF11C70A7E6}.Debug|Any CPU.ActiveCfg = Debug|Any CPU
		{F6F93EC3-5C93-4FCB-8AC1-CEF11C70A7E6}.Debug|Any CPU.Build.0 = Debug|Any CPU
		{F6F93EC3-5C93-4FCB-8AC1-CEF11C70A7E6}.Debug|iPhone.ActiveCfg = Debug|Any CPU
		{F6F93EC3-5C93-4FCB-8AC1-CEF11C70A7E6}.Debug|iPhone.Build.0 = Debug|Any CPU
		{F6F93EC3-5C93-4FCB-8AC1-CEF11C70A7E6}.Debug|iPhoneSimulator.ActiveCfg = Debug|Any CPU
		{F6F93EC3-5C93-4FCB-8AC1-CEF11C70A7E6}.Debug|iPhoneSimulator.Build.0 = Debug|Any CPU
		{F6F93EC3-5C93-4FCB-8AC1-CEF11C70A7E6}.Release|Any CPU.ActiveCfg = Release|Any CPU
		{F6F93EC3-5C93-4FCB-8AC1-CEF11C70A7E6}.Release|Any CPU.Build.0 = Release|Any CPU
		{F6F93EC3-5C93-4FCB-8AC1-CEF11C70A7E6}.Release|iPhone.ActiveCfg = Release|Any CPU
		{F6F93EC3-5C93-4FCB-8AC1-CEF11C70A7E6}.Release|iPhone.Build.0 = Release|Any CPU
		{F6F93EC3-5C93-4FCB-8AC1-CEF11C70A7E6}.Release|iPhoneSimulator.ActiveCfg = Release|Any CPU
		{F6F93EC3-5C93-4FCB-8AC1-CEF11C70A7E6}.Release|iPhoneSimulator.Build.0 = Release|Any CPU
		{D335019B-7383-4D97-911B-5656277CF0C2}.Ad-Hoc|Any CPU.ActiveCfg = Release|Any CPU
		{D335019B-7383-4D97-911B-5656277CF0C2}.Ad-Hoc|Any CPU.Build.0 = Release|Any CPU
		{D335019B-7383-4D97-911B-5656277CF0C2}.Ad-Hoc|iPhone.ActiveCfg = Release|Any CPU
		{D335019B-7383-4D97-911B-5656277CF0C2}.Ad-Hoc|iPhone.Build.0 = Release|Any CPU
		{D335019B-7383-4D97-911B-5656277CF0C2}.Ad-Hoc|iPhoneSimulator.ActiveCfg = Release|Any CPU
		{D335019B-7383-4D97-911B-5656277CF0C2}.Ad-Hoc|iPhoneSimulator.Build.0 = Release|Any CPU
		{D335019B-7383-4D97-911B-5656277CF0C2}.AppStore|Any CPU.ActiveCfg = Release|Any CPU
		{D335019B-7383-4D97-911B-5656277CF0C2}.AppStore|Any CPU.Build.0 = Release|Any CPU
		{D335019B-7383-4D97-911B-5656277CF0C2}.AppStore|iPhone.ActiveCfg = Release|Any CPU
		{D335019B-7383-4D97-911B-5656277CF0C2}.AppStore|iPhone.Build.0 = Release|Any CPU
		{D335019B-7383-4D97-911B-5656277CF0C2}.AppStore|iPhoneSimulator.ActiveCfg = Release|Any CPU
		{D335019B-7383-4D97-911B-5656277CF0C2}.AppStore|iPhoneSimulator.Build.0 = Release|Any CPU
		{D335019B-7383-4D97-911B-5656277CF0C2}.Debug|Any CPU.ActiveCfg = Debug|Any CPU
		{D335019B-7383-4D97-911B-5656277CF0C2}.Debug|Any CPU.Build.0 = Debug|Any CPU
		{D335019B-7383-4D97-911B-5656277CF0C2}.Debug|iPhone.ActiveCfg = Debug|Any CPU
		{D335019B-7383-4D97-911B-5656277CF0C2}.Debug|iPhone.Build.0 = Debug|Any CPU
		{D335019B-7383-4D97-911B-5656277CF0C2}.Debug|iPhoneSimulator.ActiveCfg = Debug|Any CPU
		{D335019B-7383-4D97-911B-5656277CF0C2}.Debug|iPhoneSimulator.Build.0 = Debug|Any CPU
		{D335019B-7383-4D97-911B-5656277CF0C2}.Release|Any CPU.ActiveCfg = Release|Any CPU
		{D335019B-7383-4D97-911B-5656277CF0C2}.Release|Any CPU.Build.0 = Release|Any CPU
		{D335019B-7383-4D97-911B-5656277CF0C2}.Release|iPhone.ActiveCfg = Release|Any CPU
		{D335019B-7383-4D97-911B-5656277CF0C2}.Release|iPhone.Build.0 = Release|Any CPU
		{D335019B-7383-4D97-911B-5656277CF0C2}.Release|iPhoneSimulator.ActiveCfg = Release|Any CPU
		{D335019B-7383-4D97-911B-5656277CF0C2}.Release|iPhoneSimulator.Build.0 = Release|Any CPU
	EndGlobalSection
	GlobalSection(SolutionProperties) = preSolution
		HideSolutionNode = FALSE
	EndGlobalSection
	GlobalSection(NestedProjects) = preSolution
		{F57D7B6F-58A4-41EF-893C-DA4189A91393} = {065F290C-8735-4592-BDFA-1B5FE0B86EAA}
		{3AFEE0E7-B27A-4104-89F6-8FAE5C42C3E8} = {D7E6C756-74F3-41F3-A6E0-F67235AA60B2}
		{615F2685-079F-4B25-85DE-82D38E897546} = {D7E6C756-74F3-41F3-A6E0-F67235AA60B2}
		{2B18828B-5EBC-45DA-AB5D-699A0921B551} = {065F290C-8735-4592-BDFA-1B5FE0B86EAA}
		{F6F93EC3-5C93-4FCB-8AC1-CEF11C70A7E6} = {065F290C-8735-4592-BDFA-1B5FE0B86EAA}
	EndGlobalSection
	GlobalSection(ExtensibilityGlobals) = postSolution
		SolutionGuid = {2983725E-2496-4715-BAB5-7792A134DC62}
	EndGlobalSection
EndGlobal
